
Microsoft Visual Studio Solution File, Format Version 12.00
# Visual Studio Version 18
VisualStudioVersion = 18.3.11520.95 d18.3
MinimumVisualStudioVersion = 10.0.40219.1
Project("{FAE04EC0-301F-11D3-BF4B-00C04F79EFBC}") = "SapServer", "SapServer.csproj", "{A5DD4FDC-26D9-0D68-1C4C-BFC6809FD8FB}"
EndProject
Global
	GlobalSection(SolutionConfigurationPlatforms) = preSolution
		Debug|Any CPU = Debug|Any CPU
		Debug|x64 = Debug|x64
		Release|Any CPU = Release|Any CPU
		Release|x64 = Release|x64
	EndGlobalSection
	GlobalSection(ProjectConfigurationPlatforms) = postSolution
		{A5DD4FDC-26D9-0D68-1C4C-BFC6809FD8FB}.Debug|Any CPU.ActiveCfg = Debug|Any CPU
		{A5DD4FDC-26D9-0D68-1C4C-BFC6809FD8FB}.Debug|Any CPU.Build.0 = Debug|Any CPU
		{A5DD4FDC-26D9-0D68-1C4C-BFC6809FD8FB}.Debug|x64.ActiveCfg = Debug|x64
		{A5DD4FDC-26D9-0D68-1C4C-BFC6809FD8FB}.Debug|x64.Build.0 = Debug|x64
		{A5DD4FDC-26D9-0D68-1C4C-BFC6809FD8FB}.Release|Any CPU.ActiveCfg = Release|Any CPU
		{A5DD4FDC-26D9-0D68-1C4C-BFC6809FD8FB}.Release|Any CPU.Build.0 = Release|Any CPU
		{A5DD4FDC-26D9-0D68-1C4C-BFC6809FD8FB}.Release|x64.ActiveCfg = Release|x64
		{A5DD4FDC-26D9-0D68-1C4C-BFC6809FD8FB}.Release|x64.Build.0 = Release|x64
	EndGlobalSection
	GlobalSection(SolutionProperties) = preSolution
		HideSolutionNode = FALSE
	EndGlobalSection
	GlobalSection(ExtensibilityGlobals) = postSolution
		SolutionGuid = {45CAFE6F-8999-46C6-B055-0830D616E6DE}
	EndGlobalSection
EndGlobal
